
Microsoft Visual Studio Solution File, Format Version 12.00
# Visual Studio Version 17
VisualStudioVersion = 17.5.002.0
MinimumVisualStudioVersion = 10.0.40219.1
Project("{2150E333-8FDC-42A3-9474-1A3956D46DE8}") = "src", "src", "{B72B89DF-6EF9-4DB7-BB1E-14335149B690}"
EndProject
Project("{2150E333-8FDC-42A3-9474-1A3956D46DE8}") = "Finished", "Finished", "{D9055049-43EA-4C46-9B7F-A6AB93FB74F2}"
EndProject
Project("{2150E333-8FDC-42A3-9474-1A3956D46DE8}") = "Ch3", "Ch3", "{BA0B147B-C453-450A-B7F7-C36E6837C6D0}"
EndProject
Project("{9A19103F-16F7-4668-BE54-9A1E7A4F7556}") = "Finally", "src\Finished\Ch3\Finally\Finally.csproj", "{CEEE45AB-B848-428E-B25E-4331CC5C9AFF}"
EndProject
Project("{9A19103F-16F7-4668-BE54-9A1E7A4F7556}") = "Challenge", "src\Finished\Ch3\Challenge\Challenge.csproj", "{AD97982B-EEA3-4321-99B7-023E0DBE3EAB}"
EndProject
Project("{9A19103F-16F7-4668-BE54-9A1E7A4F7556}") = "InnerExcept", "src\Finished\Ch3\InnerExcept\InnerExcept.csproj", "{FF35289B-166D-4D13-B39E-C5FA30C16F6D}"
EndProject
Project("{9A19103F-16F7-4668-BE54-9A1E7A4F7556}") = "Filtering", "src\Finished\Ch3\Filtering\Filtering.csproj", "{43B260BE-B7AD-4256-8A6D-1628B73F5639}"
EndProject
Project("{9A19103F-16F7-4668-BE54-9A1E7A4F7556}") = "Custom", "src\Finished\Ch3\Custom\Custom.csproj", "{CFB3530F-A891-4BA7-BCA9-240B7A6E2B0A}"
EndProject
Project("{2150E333-8FDC-42A3-9474-1A3956D46DE8}") = "Ch2", "Ch2", "{F2919B9E-C5E8-43EB-9A2C-D4C89A47B6BC}"
EndProject
Project("{9A19103F-16F7-4668-BE54-9A1E7A4F7556}") = "SystemException", "src\Finished\Ch2\SystemException\SystemException.csproj", "{369FC610-8901-4C46-BE11-622565BA00F3}"
EndProject
Project("{9A19103F-16F7-4668-BE54-9A1E7A4F7556}") = "Throwing", "src\Finished\Ch2\Throwing\Throwing.csproj", "{36AA178E-ADF0-40C6-826B-4827975030FE}"
EndProject
Project("{9A19103F-16F7-4668-BE54-9A1E7A4F7556}") = "BuiltIn", "src\Finished\Ch2\BuiltIn\BuiltIn.csproj", "{5CF58829-3AB8-4242-BBE3-4470B2311728}"
EndProject
Project("{9A19103F-16F7-4668-BE54-9A1E7A4F7556}") = "Basic", "src\Finished\Ch2\Basic\Basic.csproj", "{410D5926-E81B-44C8-875E-E0B38680A7FE}"
EndProject
Project("{9A19103F-16F7-4668-BE54-9A1E7A4F7556}") = "Multiple", "src\Finished\Ch2\Multiple\Multiple.csproj", "{025A317D-9F70-4352-8471-F5AC12FD1F9E}"
EndProject
Project("{9A19103F-16F7-4668-BE54-9A1E7A4F7556}") = "Challenge", "src\Finished\Ch2\ChallengeConvert\Challenge.csproj", "{6A5F04A9-514F-4565-9F2C-9438FE0402C9}"
EndProject
Project("{2150E333-8FDC-42A3-9474-1A3956D46DE8}") = "Start", "Start", "{58ACD1CE-EF33-4880-A070-29468B8E3F39}"
EndProject
Project("{2150E333-8FDC-42A3-9474-1A3956D46DE8}") = "Ch3", "Ch3", "{731CE6F9-4341-4244-9070-1B0DFD3ECD06}"
EndProject
Project("{9A19103F-16F7-4668-BE54-9A1E7A4F7556}") = "Finally", "src\Start\Ch3\Finally\Finally.csproj", "{25F26DC8-C91E-47B3-B631-EDE06AE13B63}"
EndProject
Project("{9A19103F-16F7-4668-BE54-9A1E7A4F7556}") = "InnerExcept", "src\Start\Ch3\InnerExcept\InnerExcept.csproj", "{514BEE0E-5D7C-4C6C-B397-FB9E960B1CAD}"
EndProject
Project("{9A19103F-16F7-4668-BE54-9A1E7A4F7556}") = "Filtering", "src\Start\Ch3\Filtering\Filtering.csproj", "{AE2CDDDF-2C63-41E3-9FD3-B336FE718788}"
EndProject
Project("{9A19103F-16F7-4668-BE54-9A1E7A4F7556}") = "Custom", "src\Start\Ch3\Custom\Custom.csproj", "{DDDE78D3-210C-4318-9BEA-9A72A0A20063}"
EndProject
Project("{2150E333-8FDC-42A3-9474-1A3956D46DE8}") = "Ch2", "Ch2", "{651DA06C-8B02-4F29-8BBC-20DAD83ECBD3}"
EndProject
Project("{9A19103F-16F7-4668-BE54-9A1E7A4F7556}") = "SystemException", "src\Start\Ch2\SystemException\SystemException.csproj", "{DF28A054-6A49-4867-90D1-0B1B8D43F3E5}"
EndProject
Project("{9A19103F-16F7-4668-BE54-9A1E7A4F7556}") = "Throwing", "src\Start\Ch2\Throwing\Throwing.csproj", "{6C073B29-18F8-4F6C-A002-C871850A5BA3}"
EndProject
Project("{9A19103F-16F7-4668-BE54-9A1E7A4F7556}") = "BuiltIn", "src\Start\Ch2\BuiltIn\BuiltIn.csproj", "{0283FAF7-35EA-447B-B63F-F8F7696FC802}"
EndProject
Project("{9A19103F-16F7-4668-BE54-9A1E7A4F7556}") = "Basic", "src\Start\Ch2\Basic\Basic.csproj", "{E4214E09-DE14-4D97-BC1D-83348DD7CF44}"
EndProject
Project("{9A19103F-16F7-4668-BE54-9A1E7A4F7556}") = "Multiple", "src\Start\Ch2\Multiple\Multiple.csproj", "{C7C51B02-1A6E-4E4C-8B48-3CF7462EAA80}"
EndProject
Project("{9A19103F-16F7-4668-BE54-9A1E7A4F7556}") = "Challenge", "src\Start\Ch2\ChallengeConvert\Challenge.csproj", "{C49B131C-C1CD-4851-8323-2EE2A21628E1}"
EndProject
Global
	GlobalSection(SolutionConfigurationPlatforms) = preSolution
		Debug|Any CPU = Debug|Any CPU
		Release|Any CPU = Release|Any CPU
	EndGlobalSection
	GlobalSection(ProjectConfigurationPlatforms) = postSolution
		{CEEE45AB-B848-428E-B25E-4331CC5C9AFF}.Debug|Any CPU.ActiveCfg = Debug|Any CPU
		{CEEE45AB-B848-428E-B25E-4331CC5C9AFF}.Debug|Any CPU.Build.0 = Debug|Any CPU
		{CEEE45AB-B848-428E-B25E-4331CC5C9AFF}.Release|Any CPU.ActiveCfg = Release|Any CPU
		{CEEE45AB-B848-428E-B25E-4331CC5C9AFF}.Release|Any CPU.Build.0 = Release|Any CPU
		{AD97982B-EEA3-4321-99B7-023E0DBE3EAB}.Debug|Any CPU.ActiveCfg = Debug|Any CPU
		{AD97982B-EEA3-4321-99B7-023E0DBE3EAB}.Debug|Any CPU.Build.0 = Debug|Any CPU
		{AD97982B-EEA3-4321-99B7-023E0DBE3EAB}.Release|Any CPU.ActiveCfg = Release|Any CPU
		{AD97982B-EEA3-4321-99B7-023E0DBE3EAB}.Release|Any CPU.Build.0 = Release|Any CPU
		{FF35289B-166D-4D13-B39E-C5FA30C16F6D}.Debug|Any CPU.ActiveCfg = Debug|Any CPU
		{FF35289B-166D-4D13-B39E-C5FA30C16F6D}.Debug|Any CPU.Build.0 = Debug|Any CPU
		{FF35289B-166D-4D13-B39E-C5FA30C16F6D}.Release|Any CPU.ActiveCfg = Release|Any CPU
		{FF35289B-166D-4D13-B39E-C5FA30C16F6D}.Release|Any CPU.Build.0 = Release|Any CPU
		{43B260BE-B7AD-4256-8A6D-1628B73F5639}.Debug|Any CPU.ActiveCfg = Debug|Any CPU
		{43B260BE-B7AD-4256-8A6D-1628B73F5639}.Debug|Any CPU.Build.0 = Debug|Any CPU
		{43B260BE-B7AD-4256-8A6D-1628B73F5639}.Release|Any CPU.ActiveCfg = Release|Any CPU
		{43B260BE-B7AD-4256-8A6D-1628B73F5639}.Release|Any CPU.Build.0 = Release|Any CPU
		{CFB3530F-A891-4BA7-BCA9-240B7A6E2B0A}.Debug|Any CPU.ActiveCfg = Debug|Any CPU
		{CFB3530F-A891-4BA7-BCA9-240B7A6E2B0A}.Debug|Any CPU.Build.0 = Debug|Any CPU
		{CFB3530F-A891-4BA7-BCA9-240B7A6E2B0A}.Release|Any CPU.ActiveCfg = Release|Any CPU
		{CFB3530F-A891-4BA7-BCA9-240B7A6E2B0A}.Release|Any CPU.Build.0 = Release|Any CPU
		{369FC610-8901-4C46-BE11-622565BA00F3}.Debug|Any CPU.ActiveCfg = Debug|Any CPU
		{369FC610-8901-4C46-BE11-622565BA00F3}.Debug|Any CPU.Build.0 = Debug|Any CPU
		{369FC610-8901-4C46-BE11-622565BA00F3}.Release|Any CPU.ActiveCfg = Release|Any CPU
		{369FC610-8901-4C46-BE11-622565BA00F3}.Release|Any CPU.Build.0 = Release|Any CPU
		{36AA178E-ADF0-40C6-826B-4827975030FE}.Debug|Any CPU.ActiveCfg = Debug|Any CPU
		{36AA178E-ADF0-40C6-826B-4827975030FE}.Debug|Any CPU.Build.0 = Debug|Any CPU
		{36AA178E-ADF0-40C6-826B-4827975030FE}.Release|Any CPU.ActiveCfg = Release|Any CPU
		{36AA178E-ADF0-40C6-826B-4827975030FE}.Release|Any CPU.Build.0 = Release|Any CPU
		{5CF58829-3AB8-4242-BBE3-4470B2311728}.Debug|Any CPU.ActiveCfg = Debug|Any CPU
		{5CF58829-3AB8-4242-BBE3-4470B2311728}.Debug|Any CPU.Build.0 = Debug|Any CPU
		{5CF58829-3AB8-4242-BBE3-4470B2311728}.Release|Any CPU.ActiveCfg = Release|Any CPU
		{5CF58829-3AB8-4242-BBE3-4470B2311728}.Release|Any CPU.Build.0 = Release|Any CPU
		{410D5926-E81B-44C8-875E-E0B38680A7FE}.Debug|Any CPU.ActiveCfg = Debug|Any CPU
		{410D5926-E81B-44C8-875E-E0B38680A7FE}.Debug|Any CPU.Build.0 = Debug|Any CPU
		{410D5926-E81B-44C8-875E-E0B38680A7FE}.Release|Any CPU.ActiveCfg = Release|Any CPU
		{410D5926-E81B-44C8-875E-E0B38680A7FE}.Release|Any CPU.Build.0 = Release|Any CPU
		{025A317D-9F70-4352-8471-F5AC12FD1F9E}.Debug|Any CPU.ActiveCfg = Debug|Any CPU
		{025A317D-9F70-4352-8471-F5AC12FD1F9E}.Debug|Any CPU.Build.0 = Debug|Any CPU
		{025A317D-9F70-4352-8471-F5AC12FD1F9E}.Release|Any CPU.ActiveCfg = Release|Any CPU
		{025A317D-9F70-4352-8471-F5AC12FD1F9E}.Release|Any CPU.Build.0 = Release|Any CPU
		{6A5F04A9-514F-4565-9F2C-9438FE0402C9}.Debug|Any CPU.ActiveCfg = Debug|Any CPU
		{6A5F04A9-514F-4565-9F2C-9438FE0402C9}.Debug|Any CPU.Build.0 = Debug|Any CPU
		{6A5F04A9-514F-4565-9F2C-9438FE0402C9}.Release|Any CPU.ActiveCfg = Release|Any CPU
		{6A5F04A9-514F-4565-9F2C-9438FE0402C9}.Release|Any CPU.Build.0 = Release|Any CPU
		{25F26DC8-C91E-47B3-B631-EDE06AE13B63}.Debug|Any CPU.ActiveCfg = Debug|Any CPU
		{25F26DC8-C91E-47B3-B631-EDE06AE13B63}.Debug|Any CPU.Build.0 = Debug|Any CPU
		{25F26DC8-C91E-47B3-B631-EDE06AE13B63}.Release|Any CPU.ActiveCfg = Release|Any CPU
		{25F26DC8-C91E-47B3-B631-EDE06AE13B63}.Release|Any CPU.Build.0 = Release|Any CPU
		{514BEE0E-5D7C-4C6C-B397-FB9E960B1CAD}.Debug|Any CPU.ActiveCfg = Debug|Any CPU
		{514BEE0E-5D7C-4C6C-B397-FB9E960B1CAD}.Debug|Any CPU.Build.0 = Debug|Any CPU
		{514BEE0E-5D7C-4C6C-B397-FB9E960B1CAD}.Release|Any CPU.ActiveCfg = Release|Any CPU
		{514BEE0E-5D7C-4C6C-B397-FB9E960B1CAD}.Release|Any CPU.Build.0 = Release|Any CPU
		{AE2CDDDF-2C63-41E3-9FD3-B336FE718788}.Debug|Any CPU.ActiveCfg = Debug|Any CPU
		{AE2CDDDF-2C63-41E3-9FD3-B336FE718788}.Debug|Any CPU.Build.0 = Debug|Any CPU
		{AE2CDDDF-2C63-41E3-9FD3-B336FE718788}.Release|Any CPU.ActiveCfg = Release|Any CPU
		{AE2CDDDF-2C63-41E3-9FD3-B336FE718788}.Release|Any CPU.Build.0 = Release|Any CPU
		{DDDE78D3-210C-4318-9BEA-9A72A0A20063}.Debug|Any CPU.ActiveCfg = Debug|Any CPU
		{DDDE78D3-210C-4318-9BEA-9A72A0A20063}.Debug|Any CPU.Build.0 = Debug|Any CPU
		{DDDE78D3-210C-4318-9BEA-9A72A0A20063}.Release|Any CPU.ActiveCfg = Release|Any CPU
		{DDDE78D3-210C-4318-9BEA-9A72A0A20063}.Release|Any CPU.Build.0 = Release|Any CPU
		{DF28A054-6A49-4867-90D1-0B1B8D43F3E5}.Debug|Any CPU.ActiveCfg = Debug|Any CPU
		{DF28A054-6A49-4867-90D1-0B1B8D43F3E5}.Debug|Any CPU.Build.0 = Debug|Any CPU
		{DF28A054-6A49-4867-90D1-0B1B8D43F3E5}.Release|Any CPU.ActiveCfg = Release|Any CPU
		{DF28A054-6A49-4867-90D1-0B1B8D43F3E5}.Release|Any CPU.Build.0 = Release|Any CPU
		{6C073B29-18F8-4F6C-A002-C871850A5BA3}.Debug|Any CPU.ActiveCfg = Debug|Any CPU
		{6C073B29-18F8-4F6C-A002-C871850A5BA3}.Debug|Any CPU.Build.0 = Debug|Any CPU
		{6C073B29-18F8-4F6C-A002-C871850A5BA3}.Release|Any CPU.ActiveCfg = Release|Any CPU
		{6C073B29-18F8-4F6C-A002-C871850A5BA3}.Release|Any CPU.Build.0 = Release|Any CPU
		{0283FAF7-35EA-447B-B63F-F8F7696FC802}.Debug|Any CPU.ActiveCfg = Debug|Any CPU
		{0283FAF7-35EA-447B-B63F-F8F7696FC802}.Debug|Any CPU.Build.0 = Debug|Any CPU
		{0283FAF7-35EA-447B-B63F-F8F7696FC802}.Release|Any CPU.ActiveCfg = Release|Any CPU
		{0283FAF7-35EA-447B-B63F-F8F7696FC802}.Release|Any CPU.Build.0 = Release|Any CPU
		{E4214E09-DE14-4D97-BC1D-83348DD7CF44}.Debug|Any CPU.ActiveCfg = Debug|Any CPU
		{E4214E09-DE14-4D97-BC1D-83348DD7CF44}.Debug|Any CPU.Build.0 = Debug|Any CPU
		{E4214E09-DE14-4D97-BC1D-83348DD7CF44}.Release|Any CPU.ActiveCfg = Release|Any CPU
		{E4214E09-DE14-4D97-BC1D-83348DD7CF44}.Release|Any CPU.Build.0 = Release|Any CPU
		{C7C51B02-1A6E-4E4C-8B48-3CF7462EAA80}.Debug|Any CPU.ActiveCfg = Debug|Any CPU
		{C7C51B02-1A6E-4E4C-8B48-3CF7462EAA80}.Debug|Any CPU.Build.0 = Debug|Any CPU
		{C7C51B02-1A6E-4E4C-8B48-3CF7462EAA80}.Release|Any CPU.ActiveCfg = Release|Any CPU
		{C7C51B02-1A6E-4E4C-8B48-3CF7462EAA80}.Release|Any CPU.Build.0 = Release|Any CPU
		{C49B131C-C1CD-4851-8323-2EE2A21628E1}.Debug|Any CPU.ActiveCfg = Debug|Any CPU
		{C49B131C-C1CD-4851-8323-2EE2A21628E1}.Debug|Any CPU.Build.0 = Debug|Any CPU
		{C49B131C-C1CD-4851-8323-2EE2A21628E1}.Release|Any CPU.ActiveCfg = Release|Any CPU
		{C49B131C-C1CD-4851-8323-2EE2A21628E1}.Release|Any CPU.Build.0 = Release|Any CPU
	EndGlobalSection
	GlobalSection(SolutionProperties) = preSolution
		HideSolutionNode = FALSE
	EndGlobalSection
	GlobalSection(NestedProjects) = preSolution
		{D9055049-43EA-4C46-9B7F-A6AB93FB74F2} = {B72B89DF-6EF9-4DB7-BB1E-14335149B690}
		{BA0B147B-C453-450A-B7F7-C36E6837C6D0} = {D9055049-43EA-4C46-9B7F-A6AB93FB74F2}
		{CEEE45AB-B848-428E-B25E-4331CC5C9AFF} = {BA0B147B-C453-450A-B7F7-C36E6837C6D0}
		{AD97982B-EEA3-4321-99B7-023E0DBE3EAB} = {BA0B147B-C453-450A-B7F7-C36E6837C6D0}
		{FF35289B-166D-4D13-B39E-C5FA30C16F6D} = {BA0B147B-C453-450A-B7F7-C36E6837C6D0}
		{43B260BE-B7AD-4256-8A6D-1628B73F5639} = {BA0B147B-C453-450A-B7F7-C36E6837C6D0}
		{CFB3530F-A891-4BA7-BCA9-240B7A6E2B0A} = {BA0B147B-C453-450A-B7F7-C36E6837C6D0}
		{F2919B9E-C5E8-43EB-9A2C-D4C89A47B6BC} = {D9055049-43EA-4C46-9B7F-A6AB93FB74F2}
		{369FC610-8901-4C46-BE11-622565BA00F3} = {F2919B9E-C5E8-43EB-9A2C-D4C89A47B6BC}
		{36AA178E-ADF0-40C6-826B-4827975030FE} = {F2919B9E-C5E8-43EB-9A2C-D4C89A47B6BC}
		{5CF58829-3AB8-4242-BBE3-4470B2311728} = {F2919B9E-C5E8-43EB-9A2C-D4C89A47B6BC}
		{410D5926-E81B-44C8-875E-E0B38680A7FE} = {F2919B9E-C5E8-43EB-9A2C-D4C89A47B6BC}
		{025A317D-9F70-4352-8471-F5AC12FD1F9E} = {F2919B9E-C5E8-43EB-9A2C-D4C89A47B6BC}
		{6A5F04A9-514F-4565-9F2C-9438FE0402C9} = {F2919B9E-C5E8-43EB-9A2C-D4C89A47B6BC}
		{58ACD1CE-EF33-4880-A070-29468B8E3F39} = {B72B89DF-6EF9-4DB7-BB1E-14335149B690}
		{731CE6F9-4341-4244-9070-1B0DFD3ECD06} = {58ACD1CE-EF33-4880-A070-29468B8E3F39}
		{25F26DC8-C91E-47B3-B631-EDE06AE13B63} = {731CE6F9-4341-4244-9070-1B0DFD3ECD06}
		{514BEE0E-5D7C-4C6C-B397-FB9E960B1CAD} = {731CE6F9-4341-4244-9070-1B0DFD3ECD06}
		{AE2CDDDF-2C63-41E3-9FD3-B336FE718788} = {731CE6F9-4341-4244-9070-1B0DFD3ECD06}
		{DDDE78D3-210C-4318-9BEA-9A72A0A20063} = {731CE6F9-4341-4244-9070-1B0DFD3ECD06}
		{651DA06C-8B02-4F29-8BBC-20DAD83ECBD3} = {58ACD1CE-EF33-4880-A070-29468B8E3F39}
		{DF28A054-6A49-4867-90D1-0B1B8D43F3E5} = {651DA06C-8B02-4F29-8BBC-20DAD83ECBD3}
		{6C073B29-18F8-4F6C-A002-C871850A5BA3} = {651DA06C-8B02-4F29-8BBC-20DAD83ECBD3}
		{0283FAF7-35EA-447B-B63F-F8F7696FC802} = {651DA06C-8B02-4F29-8BBC-20DAD83ECBD3}
		{E4214E09-DE14-4D97-BC1D-83348DD7CF44} = {651DA06C-8B02-4F29-8BBC-20DAD83ECBD3}
		{C7C51B02-1A6E-4E4C-8B48-3CF7462EAA80} = {651DA06C-8B02-4F29-8BBC-20DAD83ECBD3}
		{C49B131C-C1CD-4851-8323-2EE2A21628E1} = {651DA06C-8B02-4F29-8BBC-20DAD83ECBD3}
	EndGlobalSection
	GlobalSection(ExtensibilityGlobals) = postSolution
		SolutionGuid = {379C94BC-F76B-44CD-81D1-C0F1DB0AEC00}
	EndGlobalSection
EndGlobal
